
Microsoft Visual Studio Solution File, Format Version 12.00
# Visual Studio Version 17
VisualStudioVersion = 17.7.34031.279
MinimumVisualStudioVersion = 10.0.40219.1
Project("{FAE04EC0-301F-11D3-BF4B-00C04F79EFBC}") = "edu.ejercicioParOImpar", "edu.ejercicioParOImpar.csproj", "{47096012-0818-4C14-85ED-52A6C6DA2877}"
EndProject
Global
	GlobalSection(SolutionConfigurationPlatforms) = preSolution
		Debug|Any CPU = Debug|Any CPU
		Release|Any CPU = Release|Any CPU
	EndGlobalSection
	GlobalSection(ProjectConfigurationPlatforms) = postSolution
		{47096012-0818-4C14-85ED-52A6C6DA2877}.Debug|Any CPU.ActiveCfg = Debug|Any CPU
		{47096012-0818-4C14-85ED-52A6C6DA2877}.Debug|Any CPU.Build.0 = Debug|Any CPU
		{47096012-0818-4C14-85ED-52A6C6DA2877}.Release|Any CPU.ActiveCfg = Release|Any CPU
		{47096012-0818-4C14-85ED-52A6C6DA2877}.Release|Any CPU.Build.0 = Release|Any CPU
	EndGlobalSection
	GlobalSection(SolutionProperties) = preSolution
		HideSolutionNode = FALSE
	EndGlobalSection
	GlobalSection(ExtensibilityGlobals) = postSolution
		SolutionGuid = {D28F1B00-FCC7-429F-9B37-E9A2476F1548}
	EndGlobalSection
EndGlobal
